hash: 1aec7571dbcaec1b62b8f81f86a14c4e0de5e5840cdb4b228f1630fb2c13eace
updated: 2016-08-10T10:34:33.195257111-05:00
imports:
- name: github.com/amalgam8/registry
  version: 9c336df856c10f0047591e9d22fac22ceec17273
  subpackages:
  - api/env
  - auth
  - utils/logging
- name: github.com/ant0ine/go-json-rest
  version: 37ad7dc626602a8355801da6acd85155655520f8
  subpackages:
  - rest
  - rest/trie
- name: github.com/cactus/go-statsd-client
  version: 622d25e1032a3c551f821cf36267f2286c426531
  subpackages:
  - statsd
- name: github.com/codegangsta/cli
  version: bca61c476e3c752594983e4c9bcd5f62fb09f157
- name: github.com/dgrijalva/jwt-go
  version: e5cb38552fb8426fe9f0f2b3bc8408f238b97b87
- name: github.com/garyburd/redigo
  version: b8dc90050f24c1a73a52f107f3f575be67b21b7c
  subpackages:
  - redis
  - internal
- name: github.com/nicksnyder/go-i18n
  version: 37e5c2de3e03e4b82693e3fcb4a6aa2cc4eb07e3
  subpackages:
  - i18n
  - i18n/bundle
  - i18n/language
  - i18n/translation
- name: github.com/onsi/ginkgo
  version: 462326b1628e124b23f42e87a8f2750e3c4e2d24
- name: github.com/onsi/gomega
  version: 0fe204460da2c8fa1babcaac196e694de8f1aaa1
- name: github.com/pborman/uuid
  version: dee7705ef7b324f27ceb85a121c61f2c2e8ce988
- name: github.com/Shopify/sarama
  version: 89bd629b50e1a69c40d40ded1c82a767b4859442
- name: github.com/Sirupsen/logrus
  version: 418b41d23a1bf978c06faea5313ba194650ac088
  subpackages:
  - formatters/logstash
- name: github.com/stretchr/testify
  version: 9f9027faeb0dad515336ed2f28317f9f8f527ab4
- name: github.com/xeipuuv/gojsonpointer
  version: e0fe6f68307607d540ed8eac07a342c33fa1b54a
- name: github.com/xeipuuv/gojsonreference
  version: e02fc20de94c78484cd5ffb007f8af96be030a45
- name: github.com/xeipuuv/gojsonschema
  version: e4f482d0deea5bfc0522ab4582c5fdbd2edc98ad
- name: gopkg.in/yaml.v2
  version: e4d366fc3c7938e2958e662b4258c7a89e1f0e3e
devImports: []
