hash: bbbc2c438a22325818ff1bf84a4ce7c66d81c4b4da48be8ba2aab0e17a2dd26d
updated: 2016-09-05T14:36:01.092879408+03:00
imports:
- name: github.com/amalgam8/controller
  version: fb49ab33cdd904afc04e0045a2dffb1f144c1882
  subpackages:
  - client
  - rules
  - util/encryption
- name: github.com/amalgam8/registry
  version: bee64788030c6730b5694f3a756cceacbad53aba
  subpackages:
  - client
  - api/env
  - api/protocol/amalgam8
  - api/middleware
  - api/protocol
  - auth
  - store
  - utils/i18n
  - utils/logging
  - utils/reflection
  - replication
  - utils/channels
  - cluster
  - utils/health
- name: github.com/ant0ine/go-json-rest
  version: 37ad7dc626602a8355801da6acd85155655520f8
  subpackages:
  - rest
  - rest/trie
- name: github.com/codegangsta/cli
  version: bca61c476e3c752594983e4c9bcd5f62fb09f157
- name: github.com/dgrijalva/jwt-go
  version: e5cb38552fb8426fe9f0f2b3bc8408f238b97b87
- name: github.com/garyburd/redigo
  version: ffa8d46ada782d81cfda81a0fbd9f45ceae448e8
  subpackages:
  - redis
  - internal
- name: github.com/nicksnyder/go-i18n
  version: 37e5c2de3e03e4b82693e3fcb4a6aa2cc4eb07e3
  subpackages:
  - i18n
  - i18n/bundle
  - i18n/language
  - i18n/translation
- name: github.com/onsi/ginkgo
  version: 462326b1628e124b23f42e87a8f2750e3c4e2d24
  subpackages:
  - config
  - internal/codelocation
  - internal/failer
  - internal/remote
  - internal/suite
  - internal/testingtproxy
  - internal/writer
  - reporters
  - reporters/stenographer
  - types
  - internal/containernode
  - internal/leafnodes
  - internal/spec
  - internal/specrunner
- name: github.com/onsi/gomega
  version: 0fe204460da2c8fa1babcaac196e694de8f1aaa1
  subpackages:
  - internal/assertion
  - internal/asyncassertion
  - internal/testingtsupport
  - matchers
  - types
  - internal/oraclematcher
  - format
  - matchers/support/goraph/bipartitegraph
  - matchers/support/goraph/edge
  - matchers/support/goraph/node
  - matchers/support/goraph/util
- name: github.com/pborman/uuid
  version: dee7705ef7b324f27ceb85a121c61f2c2e8ce988
- name: github.com/rcrowley/go-metrics
  version: 1ce93efbc8f9c568886b2ef85ce305b2217b3de3
- name: github.com/Sirupsen/logrus
  version: 418b41d23a1bf978c06faea5313ba194650ac088
  subpackages:
  - formatters/logstash
- name: github.com/urfave/cli
  version: 168c95418e66e019fe17b8f4f5c45aa62ff80e23
- name: github.com/xeipuuv/gojsonpointer
  version: e0fe6f68307607d540ed8eac07a342c33fa1b54a
- name: github.com/xeipuuv/gojsonreference
  version: e02fc20de94c78484cd5ffb007f8af96be030a45
- name: github.com/xeipuuv/gojsonschema
  version: 0a98b2bd93655a563d1f23c4407e8f01791b6b31
- name: gopkg.in/yaml.v2
  version: e4d366fc3c7938e2958e662b4258c7a89e1f0e3e
testImports: []
